
Microsoft Visual Studio Solution File, Format Version 12.00
# Visual Studio Version 16
VisualStudioVersion = 16.0.30204.135
MinimumVisualStudioVersion = 10.0.40219.1
Project("{FAE04EC0-301F-11D3-BF4B-00C04F79EFBC}") = "AspNetCoreMVC", "AspNetCoreMVC.csproj", "{28A32347-781B-4BD4-84F9-6206F53FF20A}"
EndProject
Global
	GlobalSection(SolutionConfigurationPlatforms) = preSolution
		Debug|Any CPU = Debug|Any CPU
		Release|Any CPU = Release|Any CPU
	EndGlobalSection
	GlobalSection(ProjectConfigurationPlatforms) = postSolution
		{28A32347-781B-4BD4-84F9-6206F53FF20A}.Debug|Any CPU.ActiveCfg = Debug|Any CPU
		{28A32347-781B-4BD4-84F9-6206F53FF20A}.Debug|Any CPU.Build.0 = Debug|Any CPU
		{28A32347-781B-4BD4-84F9-6206F53FF20A}.Release|Any CPU.ActiveCfg = Release|Any CPU
		{28A32347-781B-4BD4-84F9-6206F53FF20A}.Release|Any CPU.Build.0 = Release|Any CPU
	EndGlobalSection
	GlobalSection(SolutionProperties) = preSolution
		HideSolutionNode = FALSE
	EndGlobalSection
	GlobalSection(ExtensibilityGlobals) = postSolution
		SolutionGuid = {1DD6767E-3E12-4C3C-B3D8-B8E2BBC36ED1}
	EndGlobalSection
EndGlobal
